// !$*UTF8*$!
{
	archiveVersion = 1;
	classes = {
	};
	objectVersion = 77;
	objects = {

/* Begin PBXContainerItemProxy section */
		FBB5FF3B2E2BACAF009EFDF8 /* PBXContainerItemProxy */ = {
			isa = PBXContainerItemProxy;
			containerPortal = FBB5FF222E2BACAC009EFDF8 /* Project object */;
			proxyType = 1;
			remoteGlobalIDString = FBB5FF292E2BACAC009EFDF8;
			remoteInfo = FlagChallenge;
		};
		FBB5FF452E2BACAF009EFDF8 /* PBXContainerItemProxy */ = {
			isa = PBXContainerItemProxy;
			containerPortal = FBB5FF222E2BACAC009EFDF8 /* Project object */;
			proxyType = 1;
			remoteGlobalIDString = FBB5FF292E2BACAC009EFDF8;
			remoteInfo = FlagChallenge;
		};
/* End PBXContainerItemProxy section */

/* Begin PBXFileReference section */
		FBB5FF2A2E2BACAC009EFDF8 /* FlagChallenge.app */ = {isa = PBXFileReference; explicitFileType = wrapper.application; includeInIndex = 0; path = FlagChallenge.app; sourceTree = BUILT_PRODUCTS_DIR; };
		FBB5FF3A2E2BACAF009EFDF8 /* FlagChallengeTests.xctest */ = {isa = PBXFileReference; explicitFileType = wrapper.cfbundle; includeInIndex = 0; path = FlagChallengeTests.xctest; sourceTree = BUILT_PRODUCTS_DIR; };
		FBB5FF442E2BACAF009EFDF8 /* FlagChallengeUITests.xctest */ = {isa = PBXFileReference; explicitFileType = wrapper.cfbundle; includeInIndex = 0; path = FlagChallengeUITests.xctest; sourceTree = BUILT_PRODUCTS_DIR; };
/* End PBXFileReference section */

/* Begin PBXFileSystemSynchronizedRootGroup section */
		FBB5FF2C2E2BACAC009EFDF8 /* FlagChallenge */ = {
			isa = PBXFileSystemSynchronizedRootGroup;
			path = FlagChallenge;
			sourceTree = "<group>";
		};
		FBB5FF3D2E2BACAF009EFDF8 /* FlagChallengeTests */ = {
			isa = PBXFileSystemSynchronizedRootGroup;
			path = FlagChallengeTests;
			sourceTree = "<group>";
		};
		FBB5FF472E2BACAF009EFDF8 /* FlagChallengeUITests */ = {
			isa = PBXFileSystemSynchronizedRootGroup;
			path = FlagChallengeUITests;
			sourceTree = "<group>";
		};
/* End PBXFileSystemSynchronizedRootGroup section */

/* Begin PBXFrameworksBuildPhase section */
		FBB5FF272E2BACAC009EFDF8 /* Frameworks */ = {
			isa = PBXFrameworksBuildPhase;
			buildActionMask = 2147483647;
			files = (
			);
			runOnlyForDeploymentPostprocessing = 0;
		};
		FBB5FF372E2BACAF009EFDF8 /* Frameworks */ = {
			isa = PBXFrameworksBuildPhase;
			buildActionMask = 2147483647;
			files = (
			);
			runOnlyForDeploymentPostprocessing = 0;
		};
		FBB5FF412E2BACAF009EFDF8 /* Frameworks */ = {
			isa = PBXFrameworksBuildPhase;
			buildActionMask = 2147483647;
			files = (
			);
			runOnlyForDeploymentPostprocessing = 0;
		};
/* End PBXFrameworksBuildPhase section */

/* Begin PBXGroup section */
		FBB5FF212E2BACAC009EFDF8 = {
			isa = PBXGroup;
			children = (
				FBB5FF2C2E2BACAC009EFDF8 /* FlagChallenge */,
				FBB5FF3D2E2BACAF009EFDF8 /* FlagChallengeTests */,
				FBB5FF472E2BACAF009EFDF8 /* FlagChallengeUITests */,
				FBB5FF2B2E2BACAC009EFDF8 /* Products */,
			);
			sourceTree = "<group>";
		};
		FBB5FF2B2E2BACAC009EFDF8 /* Products */ = {
			isa = PBXGroup;
			children = (
				FBB5FF2A2E2BACAC009EFDF8 /* FlagChallenge.app */,
				FBB5FF3A2E2BACAF009EFDF8 /* FlagChallengeTests.xctest */,
				FBB5FF442E2BACAF009EFDF8 /* FlagChallengeUITests.xctest */,
			);
			name = Products;
			sourceTree = "<group>";
		};
/* End PBXGroup section */

/* Begin PBXNativeTarget section */
		FBB5FF292E2BACAC009EFDF8 /* FlagChallenge */ = {
			isa = PBXNativeTarget;
			buildConfigurationList = FBB5FF4E2E2BACAF009EFDF8 /* Build configuration list for PBXNativeTarget "FlagChallenge" */;
			buildPhases = (
				FBB5FF262E2BACAC009EFDF8 /* Sources */,
				FBB5FF272E2BACAC009EFDF8 /* Frameworks */,
				FBB5FF282E2BACAC009EFDF8 /* Resources */,
			);
			buildRules = (
			);
			dependencies = (
			);
			fileSystemSynchronizedGroups = (
				FBB5FF2C2E2BACAC009EFDF8 /* FlagChallenge */,
			);
			name = FlagChallenge;
			packageProductDependencies = (
			);
			productName = FlagChallenge;
			productReference = FBB5FF2A2E2BACAC009EFDF8 /* FlagChallenge.app */;
			productType = "com.apple.product-type.application";
		};
		FBB5FF392E2BACAF009EFDF8 /* FlagChallengeTests */ = {
			isa = PBXNativeTarget;
			buildConfigurationList = FBB5FF512E2BACAF009EFDF8 /* Build configuration list for PBXNativeTarget "FlagChallengeTests" */;
			buildPhases = (
				FBB5FF362E2BACAF009EFDF8 /* Sources */,
				FBB5FF372E2BACAF009EFDF8 /* Frameworks */,
				FBB5FF382E2BACAF009EFDF8 /* Resources */,
			);
			buildRules = (
			);
			dependencies = (
				FBB5FF3C2E2BACAF009EFDF8 /* PBXTargetDependency */,
			);
			fileSystemSynchronizedGroups = (
				FBB5FF3D2E2BACAF009EFDF8 /* FlagChallengeTests */,
			);
			name = FlagChallengeTests;
			packageProductDependencies = (
			);
			productName = FlagChallengeTests;
			productReference = FBB5FF3A2E2BACAF009EFDF8 /* FlagChallengeTests.xctest */;
			productType = "com.apple.product-type.bundle.unit-test";
		};
		FBB5FF432E2BACAF009EFDF8 /* FlagChallengeUITests */ = {
			isa = PBXNativeTarget;
			buildConfigurationList = FBB5FF542E2BACAF009EFDF8 /* Build configuration list for PBXNativeTarget "FlagChallengeUITests" */;
			buildPhases = (
				FBB5FF402E2BACAF009EFDF8 /* Sources */,
				FBB5FF412E2BACAF009EFDF8 /* Frameworks */,
				FBB5FF422E2BACAF009EFDF8 /* Resources */,
			);
			buildRules = (
			);
			dependencies = (
				FBB5FF462E2BACAF009EFDF8 /* PBXTargetDependency */,
			);
			fileSystemSynchronizedGroups = (
				FBB5FF472E2BACAF009EFDF8 /* FlagChallengeUITests */,
			);
			name = FlagChallengeUITests;
			packageProductDependencies = (
			);
			productName = FlagChallengeUITests;
			productReference = FBB5FF442E2BACAF009EFDF8 /* FlagChallengeUITests.xctest */;
			productType = "com.apple.product-type.bundle.ui-testing";
		};
/* End PBXNativeTarget section */

/* Begin PBXProject section */
		FBB5FF222E2BACAC009EFDF8 /* Project object */ = {
			isa = PBXProject;
			attributes = {
				BuildIndependentTargetsInParallel = 1;
				LastSwiftUpdateCheck = 1620;
				LastUpgradeCheck = 1620;
				TargetAttributes = {
					FBB5FF292E2BACAC009EFDF8 = {
						CreatedOnToolsVersion = 16.2;
					};
					FBB5FF392E2BACAF009EFDF8 = {
						CreatedOnToolsVersion = 16.2;
						TestTargetID = FBB5FF292E2BACAC009EFDF8;
					};
					FBB5FF432E2BACAF009EFDF8 = {
						CreatedOnToolsVersion = 16.2;
						TestTargetID = FBB5FF292E2BACAC009EFDF8;
					};
				};
			};
			buildConfigurationList = FBB5FF252E2BACAC009EFDF8 /* Build configuration list for PBXProject "FlagChallenge" */;
			developmentRegion = en;
			hasScannedForEncodings = 0;
			knownRegions = (
				en,
				Base,
			);
			mainGroup = FBB5FF212E2BACAC009EFDF8;
			minimizedProjectReferenceProxies = 1;
			preferredProjectObjectVersion = 77;
			productRefGroup = FBB5FF2B2E2BACAC009EFDF8 /* Products */;
			projectDirPath = "";
			projectRoot = "";
			targets = (
				FBB5FF292E2BACAC009EFDF8 /* FlagChallenge */,
				FBB5FF392E2BACAF009EFDF8 /* FlagChallengeTests */,
				FBB5FF432E2BACAF009EFDF8 /* FlagChallengeUITests */,
			);
		};
/* End PBXProject section */

/* Begin PBXResourcesBuildPhase section */
		FBB5FF282E2BACAC009EFDF8 /* Resources */ = {
			isa = PBXResourcesBuildPhase;
			buildActionMask = 2147483647;
			files = (
			);
			runOnlyForDeploymentPostprocessing = 0;
		};
		FBB5FF382E2BACAF009EFDF8 /* Resources */ = {
			isa = PBXResourcesBuildPhase;
			buildActionMask = 2147483647;
			files = (
			);
			runOnlyForDeploymentPostprocessing = 0;
		};
		FBB5FF422E2BACAF009EFDF8 /* Resources */ = {
			isa = PBXResourcesBuildPhase;
			buildActionMask = 2147483647;
			files = (
			);
			runOnlyForDeploymentPostprocessing = 0;
		};
/* End PBXResourcesBuildPhase section */

/* Begin PBXSourcesBuildPhase section */
		FBB5FF262E2BACAC009EFDF8 /* Sources */ = {
			isa = PBXSourcesBuildPhase;
			buildActionMask = 2147483647;
			files = (
			);
			runOnlyForDeploymentPostprocessing = 0;
		};
		FBB5FF362E2BACAF009EFDF8 /* Sources */ = {
			isa = PBXSourcesBuildPhase;
			buildActionMask = 2147483647;
			files = (
			);
			runOnlyForDeploymentPostprocessing = 0;
		};
		FBB5FF402E2BACAF009EFDF8 /* Sources */ = {
			isa = PBXSourcesBuildPhase;
			buildActionMask = 2147483647;
			files = (
			);
			runOnlyForDeploymentPostprocessing = 0;
		};
/* End PBXSourcesBuildPhase section */

/* Begin PBXTargetDependency section */
		FBB5FF3C2E2BACAF009EFDF8 /* PBXTargetDependency */ = {
			isa = PBXTargetDependency;
			target = FBB5FF292E2BACAC009EFDF8 /* FlagChallenge */;
			targetProxy = FBB5FF3B2E2BACAF009EFDF8 /* PBXContainerItemProxy */;
		};
		FBB5FF462E2BACAF009EFDF8 /* PBXTargetDependency */ = {
			isa = PBXTargetDependency;
			target = FBB5FF292E2BACAC009EFDF8 /* FlagChallenge */;
			targetProxy = FBB5FF452E2BACAF009EFDF8 /* PBXContainerItemProxy */;
		};
/* End PBXTargetDependency section */

/* Begin XCBuildConfiguration section */
		FBB5FF4C2E2BACAF009EFDF8 /* Debug */ = {
			isa = XCBuildConfiguration;
			buildSettings = {
				ALWAYS_SEARCH_USER_PATHS = NO;
				ASSETCATALOG_COMPILER_GENERATE_SWIFT_ASSET_SYMBOL_EXTENSIONS = YES;
				CLANG_ANALYZER_NONNULL = YES;
				CLANG_ANALYZER_NUMBER_OBJECT_CONVERSION = YES_AGGRESSIVE;
				CLANG_CXX_LANGUAGE_STANDARD = "gnu++20";
				CLANG_ENABLE_MODULES = YES;
				CLANG_ENABLE_OBJC_ARC = YES;
				CLANG_ENABLE_OBJC_WEAK = YES;
				CLANG_WARN_BLOCK_CAPTURE_AUTORELEASING = YES;
				CLANG_WARN_BOOL_CONVERSION = YES;
				CLANG_WARN_COMMA = YES;
				CLANG_WARN_CONSTANT_CONVERSION = YES;
				CLANG_WARN_DEPRECATED_OBJC_IMPLEMENTATIONS = YES;
				CLANG_WARN_DIRECT_OBJC_ISA_USAGE = YES_ERROR;
				CLANG_WARN_DOCUMENTATION_COMMENTS = YES;
				CLANG_WARN_EMPTY_BODY = YES;
				CLANG_WARN_ENUM_CONVERSION = YES;
				CLANG_WARN_INFINITE_RECURSION = YES;
				CLANG_WARN_INT_CONVERSION = YES;
				CLANG_WARN_NON_LITERAL_NULL_CONVERSION = YES;
				CLANG_WARN_OBJC_IMPLICIT_RETAIN_SELF = YES;
				CLANG_WARN_OBJC_LITERAL_CONVERSION = YES;
				CLANG_WARN_OBJC_ROOT_CLASS = YES_ERROR;
				CLANG_WARN_QUOTED_INCLUDE_IN_FRAMEWORK_HEADER = YES;
				CLANG_WARN_RANGE_LOOP_ANALYSIS = YES;
				CLANG_WARN_STRICT_PROTOTYPES = YES;
				CLANG_WARN_SUSPICIOUS_MOVE = YES;
				CLANG_WARN_UNGUARDED_AVAILABILITY = YES_AGGRESSIVE;
				CLANG_WARN_UNREACHABLE_CODE = YES;
				CLANG_WARN__DUPLICATE_METHOD_MATCH = YES;
				COPY_PHASE_STRIP = NO;
				DEBUG_INFORMATION_FORMAT = dwarf;
				ENABLE_STRICT_OBJC_MSGSEND = YES;
				ENABLE_TESTABILITY = YES;
				ENABLE_USER_SCRIPT_SANDBOXING = YES;
				GCC_C_LANGUAGE_STANDARD = gnu17;
				GCC_DYNAMIC_NO_PIC = NO;
				GCC_NO_COMMON_BLOCKS = YES;
				GCC_OPTIMIZATION_LEVEL = 0;
				GCC_PREPROCESSOR_DEFINITIONS = (
					"DEBUG=1",
					"$(inherited)",
				);
				GCC_WARN_64_TO_32_BIT_CONVERSION = YES;
				GCC_WARN_ABOUT_RETURN_TYPE = YES_ERROR;
				GCC_WARN_UNDECLARED_SELECTOR = YES;
				GCC_WARN_UNINITIALIZED_AUTOS = YES_AGGRESSIVE;
				GCC_WARN_UNUSED_FUNCTION = YES;
				GCC_WARN_UNUSED_VARIABLE = YES;
				IPHONEOS_DEPLOYMENT_TARGET = 18.2;
				LOCALIZATION_PREFERS_STRING_CATALOGS = YES;
				MTL_ENABLE_DEBUG_INFO = INCLUDE_SOURCE;
				MTL_FAST_MATH = YES;
				ONLY_ACTIVE_ARCH = YES;
				SDKROOT = iphoneos;
				SWIFT_ACTIVE_COMPILATION_CONDITIONS = "DEBUG $(inherited)";
				SWIFT_OPTIMIZATION_LEVEL = "-Onone";
			};
			name = Debug;
		};
		FBB5FF4D2E2BACAF009EFDF8 /* Release */ = {
			isa = XCBuildConfiguration;
			buildSettings = {
				ALWAYS_SEARCH_USER_PATHS = NO;
				ASSETCATALOG_COMPILER_GENERATE_SWIFT_ASSET_SYMBOL_EXTENSIONS = YES;
				CLANG_ANALYZER_NONNULL = YES;
				CLANG_ANALYZER_NUMBER_OBJECT_CONVERSION = YES_AGGRESSIVE;
				CLANG_CXX_LANGUAGE_STANDARD = "gnu++20";
				CLANG_ENABLE_MODULES = YES;
				CLANG_ENABLE_OBJC_ARC = YES;
				CLANG_ENABLE_OBJC_WEAK = YES;
				CLANG_WARN_BLOCK_CAPTURE_AUTORELEASING = YES;
				CLANG_WARN_BOOL_CONVERSION = YES;
				CLANG_WARN_COMMA = YES;
				CLANG_WARN_CONSTANT_CONVERSION = YES;
				CLANG_WARN_DEPRECATED_OBJC_IMPLEMENTATIONS = YES;
				CLANG_WARN_DIRECT_OBJC_ISA_USAGE = YES_ERROR;
				CLANG_WARN_DOCUMENTATION_COMMENTS = YES;
				CLANG_WARN_EMPTY_BODY = YES;
				CLANG_WARN_ENUM_CONVERSION = YES;
				CLANG_WARN_INFINITE_RECURSION = YES;
				CLANG_WARN_INT_CONVERSION = YES;
				CLANG_WARN_NON_LITERAL_NULL_CONVERSION = YES;
				CLANG_WARN_OBJC_IMPLICIT_RETAIN_SELF = YES;
				CLANG_WARN_OBJC_LITERAL_CONVERSION = YES;
				CLANG_WARN_OBJC_ROOT_CLASS = YES_ERROR;
				CLANG_WARN_QUOTED_INCLUDE_IN_FRAMEWORK_HEADER = YES;
				CLANG_WARN_RANGE_LOOP_ANALYSIS = YES;
				CLANG_WARN_STRICT_PROTOTYPES = YES;
				CLANG_WARN_SUSPICIOUS_MOVE = YES;
				CLANG_WARN_UNGUARDED_AVAILABILITY = YES_AGGRESSIVE;
				CLANG_WARN_UNREACHABLE_CODE = YES;
				CLANG_WARN__DUPLICATE_METHOD_MATCH = YES;
				COPY_PHASE_STRIP = NO;
				DEBUG_INFORMATION_FORMAT = "dwarf-with-dsym";
				ENABLE_NS_ASSERTIONS = NO;
				ENABLE_STRICT_OBJC_MSGSEND = YES;
				ENABLE_USER_SCRIPT_SANDBOXING = YES;
				GCC_C_LANGUAGE_STANDARD = gnu17;
				GCC_NO_COMMON_BLOCKS = YES;
				GCC_WARN_64_TO_32_BIT_CONVERSION = YES;
				GCC_WARN_ABOUT_RETURN_TYPE = YES_ERROR;
				GCC_WARN_UNDECLARED_SELECTOR = YES;
				GCC_WARN_UNINITIALIZED_AUTOS = YES_AGGRESSIVE;
				GCC_WARN_UNUSED_FUNCTION = YES;
				GCC_WARN_UNUSED_VARIABLE = YES;
				IPHONEOS_DEPLOYMENT_TARGET = 18.2;
				LOCALIZATION_PREFERS_STRING_CATALOGS = YES;
				MTL_ENABLE_DEBUG_INFO = NO;
				MTL_FAST_MATH = YES;
				SDKROOT = iphoneos;
				SWIFT_COMPILATION_MODE = wholemodule;
				VALIDATE_PRODUCT = YES;
			};
			name = Release;
		};
		FBB5FF4F2E2BACAF009EFDF8 /* Debug */ = {
			isa = XCBuildConfiguration;
			buildSettings = {
				ASSETCATALOG_COMPILER_APPICON_NAME = AppIcon;
				ASSETCATALOG_COMPILER_GLOBAL_ACCENT_COLOR_NAME = AccentColor;
				CODE_SIGN_STYLE = Automatic;
				CURRENT_PROJECT_VERSION = 1;
				DEVELOPMENT_ASSET_PATHS = "\"FlagChallenge/Preview Content\"";
				ENABLE_PREVIEWS = YES;
				GENERATE_INFOPLIST_FILE = YES;
				INFOPLIST_KEY_UIApplicationSceneManifest_Generation = YES;
				INFOPLIST_KEY_UIApplicationSupportsIndirectInputEvents = YES;
				INFOPLIST_KEY_UILaunchScreen_Generation = YES;
				INFOPLIST_KEY_UISupportedInterfaceOrientations_iPad = "UIInterfaceOrientationPortrait UIInterfaceOrientationPortraitUpsideDown UIInterfaceOrientationLandscapeLeft UIInterfaceOrientationLandscapeRight";
				INFOPLIST_KEY_UISupportedInterfaceOrientations_iPhone = "UIInterfaceOrientationPortrait UIInterfaceOrientationLandscapeLeft UIInterfaceOrientationLandscapeRight";
				LD_RUNPATH_SEARCH_PATHS = (
					"$(inherited)",
					"@executable_path/Frameworks",
				);
				MARKETING_VERSION = 1.0;
				PRODUCT_BUNDLE_IDENTIFIER = com.test.FlagChallenge;
				PRODUCT_NAME = "$(TARGET_NAME)";
				SWIFT_EMIT_LOC_STRINGS = YES;
				SWIFT_VERSION = 5.0;
				TARGETED_DEVICE_FAMILY = "1,2";
			};
			name = Debug;
		};
		FBB5FF502E2BACAF009EFDF8 /* Release */ = {
			isa = XCBuildConfiguration;
			buildSettings = {
				ASSETCATALOG_COMPILER_APPICON_NAME = AppIcon;
				ASSETCATALOG_COMPILER_GLOBAL_ACCENT_COLOR_NAME = AccentColor;
				CODE_SIGN_STYLE = Automatic;
				CURRENT_PROJECT_VERSION = 1;
				DEVELOPMENT_ASSET_PATHS = "\"FlagChallenge/Preview Content\"";
				ENABLE_PREVIEWS = YES;
				GENERATE_INFOPLIST_FILE = YES;
				INFOPLIST_KEY_UIApplicationSceneManifest_Generation = YES;
				INFOPLIST_KEY_UIApplicationSupportsIndirectInputEvents = YES;
				INFOPLIST_KEY_UILaunchScreen_Generation = YES;
				INFOPLIST_KEY_UISupportedInterfaceOrientations_iPad = "UIInterfaceOrientationPortrait UIInterfaceOrientationPortraitUpsideDown UIInterfaceOrientationLandscapeLeft UIInterfaceOrientationLandscapeRight";
				INFOPLIST_KEY_UISupportedInterfaceOrientations_iPhone = "UIInterfaceOrientationPortrait UIInterfaceOrientationLandscapeLeft UIInterfaceOrientationLandscapeRight";
				LD_RUNPATH_SEARCH_PATHS = (
					"$(inherited)",
					"@executable_path/Frameworks",
				);
				MARKETING_VERSION = 1.0;
				PRODUCT_BUNDLE_IDENTIFIER = com.test.FlagChallenge;
				PRODUCT_NAME = "$(TARGET_NAME)";
				SWIFT_EMIT_LOC_STRINGS = YES;
				SWIFT_VERSION = 5.0;
				TARGETED_DEVICE_FAMILY = "1,2";
			};
			name = Release;
		};
		FBB5FF522E2BACAF009EFDF8 /* Debug */ = {
			isa = XCBuildConfiguration;
			buildSettings = {
				BUNDLE_LOADER = "$(TEST_HOST)";
				CODE_SIGN_STYLE = Automatic;
				CURRENT_PROJECT_VERSION = 1;
				GENERATE_INFOPLIST_FILE = YES;
				IPHONEOS_DEPLOYMENT_TARGET = 18.2;
				MARKETING_VERSION = 1.0;
				PRODUCT_BUNDLE_IDENTIFIER = com.test.FlagChallengeTests;
				PRODUCT_NAME = "$(TARGET_NAME)";
				SWIFT_EMIT_LOC_STRINGS = NO;
				SWIFT_VERSION = 5.0;
				TARGETED_DEVICE_FAMILY = "1,2";
				TEST_HOST = "$(BUILT_PRODUCTS_DIR)/FlagChallenge.app/$(BUNDLE_EXECUTABLE_FOLDER_PATH)/FlagChallenge";
			};
			name = Debug;
		};
		FBB5FF532E2BACAF009EFDF8 /* Release */ = {
			isa = XCBuildConfiguration;
			buildSettings = {
				BUNDLE_LOADER = "$(TEST_HOST)";
				CODE_SIGN_STYLE = Automatic;
				CURRENT_PROJECT_VERSION = 1;
				GENERATE_INFOPLIST_FILE = YES;
				IPHONEOS_DEPLOYMENT_TARGET = 18.2;
				MARKETING_VERSION = 1.0;
				PRODUCT_BUNDLE_IDENTIFIER = com.test.FlagChallengeTests;
				PRODUCT_NAME = "$(TARGET_NAME)";
				SWIFT_EMIT_LOC_STRINGS = NO;
				SWIFT_VERSION = 5.0;
				TARGETED_DEVICE_FAMILY = "1,2";
				TEST_HOST = "$(BUILT_PRODUCTS_DIR)/FlagChallenge.app/$(BUNDLE_EXECUTABLE_FOLDER_PATH)/FlagChallenge";
			};
			name = Release;
		};
		FBB5FF552E2BACAF009EFDF8 /* Debug */ = {
			isa = XCBuildConfiguration;
			buildSettings = {
				CODE_SIGN_STYLE = Automatic;
				CURRENT_PROJECT_VERSION = 1;
				GENERATE_INFOPLIST_FILE = YES;
				MARKETING_VERSION = 1.0;
				PRODUCT_BUNDLE_IDENTIFIER = com.test.FlagChallengeUITests;
				PRODUCT_NAME = "$(TARGET_NAME)";
				SWIFT_EMIT_LOC_STRINGS = NO;
				SWIFT_VERSION = 5.0;
				TARGETED_DEVICE_FAMILY = "1,2";
				TEST_TARGET_NAME = FlagChallenge;
			};
			name = Debug;
		};
		FBB5FF562E2BACAF009EFDF8 /* Release */ = {
			isa = XCBuildConfiguration;
			buildSettings = {
				CODE_SIGN_STYLE = Automatic;
				CURRENT_PROJECT_VERSION = 1;
				GENERATE_INFOPLIST_FILE = YES;
				MARKETING_VERSION = 1.0;
				PRODUCT_BUNDLE_IDENTIFIER = com.test.FlagChallengeUITests;
				PRODUCT_NAME = "$(TARGET_NAME)";
				SWIFT_EMIT_LOC_STRINGS = NO;
				SWIFT_VERSION = 5.0;
				TARGETED_DEVICE_FAMILY = "1,2";
				TEST_TARGET_NAME = FlagChallenge;
			};
			name = Release;
		};
/* End XCBuildConfiguration section */

/* Begin XCConfigurationList section */
		FBB5FF252E2BACAC009EFDF8 /* Build configuration list for PBXProject "FlagChallenge" */ = {
			isa = XCConfigurationList;
			buildConfigurations = (
				FBB5FF4C2E2BACAF009EFDF8 /* Debug */,
				FBB5FF4D2E2BACAF009EFDF8 /* Release */,
			);
			defaultConfigurationIsVisible = 0;
			defaultConfigurationName = Release;
		};
		FBB5FF4E2E2BACAF009EFDF8 /* Build configuration list for PBXNativeTarget "FlagChallenge" */ = {
			isa = XCConfigurationList;
			buildConfigurations = (
				FBB5FF4F2E2BACAF009EFDF8 /* Debug */,
				FBB5FF502E2BACAF009EFDF8 /* Release */,
			);
			defaultConfigurationIsVisible = 0;
			defaultConfigurationName = Release;
		};
		FBB5FF512E2BACAF009EFDF8 /* Build configuration list for PBXNativeTarget "FlagChallengeTests" */ = {
			isa = XCConfigurationList;
			buildConfigurations = (
				FBB5FF522E2BACAF009EFDF8 /* Debug */,
				FBB5FF532E2BACAF009EFDF8 /* Release */,
			);
			defaultConfigurationIsVisible = 0;
			defaultConfigurationName = Release;
		};
		FBB5FF542E2BACAF009EFDF8 /* Build configuration list for PBXNativeTarget "FlagChallengeUITests" */ = {
			isa = XCConfigurationList;
			buildConfigurations = (
				FBB5FF552E2BACAF009EFDF8 /* Debug */,
				FBB5FF562E2BACAF009EFDF8 /* Release */,
			);
			defaultConfigurationIsVisible = 0;
			defaultConfigurationName = Release;
		};
/* End XCConfigurationList section */
	};
	rootObject = FBB5FF222E2BACAC009EFDF8 /* Project object */;
}
